
Microsoft Visual Studio Solution File, Format Version 12.00
# Visual Studio 14
VisualStudioVersion = 14.0.23107.0
MinimumVisualStudioVersion = 10.0.40219.1
Project("{FAE04EC0-301F-11D3-BF4B-00C04F79EFBC}") = "HackathonTopIT.ResumeParser", "Sharpenter.ResumeParser.ResumeProcessor\HackathonTopIT.ResumeParser.csproj", "{4E7AD443-8F56-4AA1-9476-664E35CEF55C}"
EndProject
Project("{FAE04EC0-301F-11D3-BF4B-00C04F79EFBC}") = "TestWinform", "WindowsFormsApplication1\TestWinform.csproj", "{C04D46F9-30CB-4B9B-9611-21C164A73D15}"
EndProject
Global
	GlobalSection(SolutionConfigurationPlatforms) = preSolution
		Debug|Any CPU = Debug|Any CPU
		Release|Any CPU = Release|Any CPU
	EndGlobalSection
	GlobalSection(ProjectConfigurationPlatforms) = postSolution
		{4E7AD443-8F56-4AA1-9476-664E35CEF55C}.Debug|Any CPU.ActiveCfg = Debug|Any CPU
		{4E7AD443-8F56-4AA1-9476-664E35CEF55C}.Debug|Any CPU.Build.0 = Debug|Any CPU
		{4E7AD443-8F56-4AA1-9476-664E35CEF55C}.Release|Any CPU.ActiveCfg = Release|Any CPU
		{4E7AD443-8F56-4AA1-9476-664E35CEF55C}.Release|Any CPU.Build.0 = Release|Any CPU
		{C04D46F9-30CB-4B9B-9611-21C164A73D15}.Debug|Any CPU.ActiveCfg = Debug|Any CPU
		{C04D46F9-30CB-4B9B-9611-21C164A73D15}.Debug|Any CPU.Build.0 = Debug|Any CPU
		{C04D46F9-30CB-4B9B-9611-21C164A73D15}.Release|Any CPU.ActiveCfg = Release|Any CPU
		{C04D46F9-30CB-4B9B-9611-21C164A73D15}.Release|Any CPU.Build.0 = Release|Any CPU
	EndGlobalSection
	GlobalSection(SolutionProperties) = preSolution
		HideSolutionNode = FALSE
	EndGlobalSection
EndGlobal
